
Microsoft Visual Studio Solution File, Format Version 12.00
# Visual Studio Version 16
VisualStudioVersion = 16.0.29411.108
MinimumVisualStudioVersion = 10.0.40219.1
Project("{FAE04EC0-301F-11D3-BF4B-00C04F79EFBC}") = "ConsultorioOdontologico", "ConsultorioOdontologico\ConsultorioOdontologico.csproj", "{F8A424A1-F1E8-4651-975B-91811D3D2FC3}"
EndProject
Project("{FAE04EC0-301F-11D3-BF4B-00C04F79EFBC}") = "ConsultorioOdontologicoTests", "ConsultorioOdontologicoTests\ConsultorioOdontologicoTests.csproj", "{F8DCFE97-AD4B-46BC-B35E-FB721AF79388}"
EndProject
Project("{FAE04EC0-301F-11D3-BF4B-00C04F79EFBC}") = "BLL", "BLL\BLL.csproj", "{E8F32C44-6A21-4760-8841-8008B9EF660E}"
EndProject
Project("{FAE04EC0-301F-11D3-BF4B-00C04F79EFBC}") = "DAL", "DAL\DAL.csproj", "{2025F4DB-78AA-43FF-9275-823AEB9AC358}"
EndProject
Project("{FAE04EC0-301F-11D3-BF4B-00C04F79EFBC}") = "Entidades", "Entidades\Entidades.csproj", "{B50218CB-4144-4286-80B5-9BFC7FE5C019}"
EndProject
Global
	GlobalSection(SolutionConfigurationPlatforms) = preSolution
		Debug|Any CPU = Debug|Any CPU
		Release|Any CPU = Release|Any CPU
	EndGlobalSection
	GlobalSection(ProjectConfigurationPlatforms) = postSolution
		{F8A424A1-F1E8-4651-975B-91811D3D2FC3}.Debug|Any CPU.ActiveCfg = Debug|Any CPU
		{F8A424A1-F1E8-4651-975B-91811D3D2FC3}.Debug|Any CPU.Build.0 = Debug|Any CPU
		{F8A424A1-F1E8-4651-975B-91811D3D2FC3}.Release|Any CPU.ActiveCfg = Release|Any CPU
		{F8A424A1-F1E8-4651-975B-91811D3D2FC3}.Release|Any CPU.Build.0 = Release|Any CPU
		{F8DCFE97-AD4B-46BC-B35E-FB721AF79388}.Debug|Any CPU.ActiveCfg = Debug|Any CPU
		{F8DCFE97-AD4B-46BC-B35E-FB721AF79388}.Debug|Any CPU.Build.0 = Debug|Any CPU
		{F8DCFE97-AD4B-46BC-B35E-FB721AF79388}.Release|Any CPU.ActiveCfg = Release|Any CPU
		{F8DCFE97-AD4B-46BC-B35E-FB721AF79388}.Release|Any CPU.Build.0 = Release|Any CPU
		{E8F32C44-6A21-4760-8841-8008B9EF660E}.Debug|Any CPU.ActiveCfg = Debug|Any CPU
		{E8F32C44-6A21-4760-8841-8008B9EF660E}.Debug|Any CPU.Build.0 = Debug|Any CPU
		{E8F32C44-6A21-4760-8841-8008B9EF660E}.Release|Any CPU.ActiveCfg = Release|Any CPU
		{E8F32C44-6A21-4760-8841-8008B9EF660E}.Release|Any CPU.Build.0 = Release|Any CPU
		{2025F4DB-78AA-43FF-9275-823AEB9AC358}.Debug|Any CPU.ActiveCfg = Debug|Any CPU
		{2025F4DB-78AA-43FF-9275-823AEB9AC358}.Debug|Any CPU.Build.0 = Debug|Any CPU
		{2025F4DB-78AA-43FF-9275-823AEB9AC358}.Release|Any CPU.ActiveCfg = Release|Any CPU
		{2025F4DB-78AA-43FF-9275-823AEB9AC358}.Release|Any CPU.Build.0 = Release|Any CPU
		{B50218CB-4144-4286-80B5-9BFC7FE5C019}.Debug|Any CPU.ActiveCfg = Debug|Any CPU
		{B50218CB-4144-4286-80B5-9BFC7FE5C019}.Debug|Any CPU.Build.0 = Debug|Any CPU
		{B50218CB-4144-4286-80B5-9BFC7FE5C019}.Release|Any CPU.ActiveCfg = Release|Any CPU
		{B50218CB-4144-4286-80B5-9BFC7FE5C019}.Release|Any CPU.Build.0 = Release|Any CPU
	EndGlobalSection
	GlobalSection(SolutionProperties) = preSolution
		HideSolutionNode = FALSE
	EndGlobalSection
	GlobalSection(ExtensibilityGlobals) = postSolution
		SolutionGuid = {6F704116-71A4-41D5-9A51-503796475EC5}
	EndGlobalSection
EndGlobal
